github.com/davecgh/go-spew v1.1.1 h1:vj9j/u1bqnvCEfJOwUhtlOARqs3+rkHYY13jYWTU97c=
github.com/davecgh/go-spew v1.1.1/go.mod h1:J7Y8YcW2NihsgmVo/mv3lAwl/skON4iLHjSsI+c5H38=
github.com/dustin/go-humanize v1.0.1 h1:GzkhY7T5VNhEkwH0PVJgjz+fX1rhBrR7pRT3mDkpeCY=
github.com/dustin/go-humanize v1.0.1/go.mod h1:Mu1zIs6XwVuF/gI1OepvI0qD18qycQx+mFykh5fBlto=
github.com/elgs/gosplitargs v0.0.0-20230310130726-7d16e488436a h1:vO9yvZPJqJMJJsFdaD+sLkwjZfxzr/0fm22AnW8R6ms=
github.com/elgs/gosplitargs v0.0.0-20230310130726-7d16e488436a/go.mod h1:1zHirgOZTAY00iwXKAX0NsVKjwkwjSr1P+yqciHfRH0=
github.com/elgs/gosqlcrud v0.0.0-20230403082638-cc533643a350 h1:44WQ/In6tA3WqQfaUS3fjHr5momvkFtNj0qirWegAgo=
github.com/elgs/gosqlcrud v0.0.0-20230403082638-cc533643a350/go.mod h1:RaJ1Deq3R7NZjjL4JjVZbHKcFQeh8OIdV7fsxLJedl0=
github.com/google/go-cmp v0.5.9 h1:O2Tfq5qg4qc4AmwVlvv0oLiVAGB7enBSJ2x2DqQFi38=
github.com/google/pprof v0.0.0-20221118152302-e6195bd50e26 h1:Xim43kblpZXfIBQsbuBVKCudVG457BR2GZFIz3uw3hQ=
github.com/google/uuid v1.3.0 h1:t6JiXgmwXMjEs8VusXIJk2BXHsn+wx8BZdTaoZ5fu7I=
github.com/google/uuid v1.3.0/go.mod h1:TIyPZe4MgqvfeYDBFedMoGGpEw/LqOeaOT+nhxU+yHo=
github.com/kballard/go-shellquote v0.0.0-20180428030007-95032a82bc51 h1:Z9n2FFNUXsshfwJMBgNA0RU6/i7WVaAegv3PtuIHPMs=
github.com/kballard/go-shellquote v0.0.0-20180428030007-95032a82bc51/go.mod h1:CzGEWj7cYgsdH8dAjBGEr58BoE7ScuLd+fwFZ44+/x8=
github.com/mattn/go-isatty v0.0.19 h1:JITubQf0MOLdlGRuRq+jtsDlekdYPia9ZFsB8h/APPA=
github.com/mattn/go-isatty v0.0.19/go.mod h1:W+V8PltTTMOvKvAeJH7IuucS94S2C6jfK/D7dTCTo3Y=
github.com/mattn/go-sqlite3 v1.14.16 h1:yOQRA0RpS5PFz/oikGwBEqvAWhWg5ufRz4ETLjwpU1Y=
github.com/pmezard/go-difflib v1.0.0 h1:4DBwDE0NGyQoBHbLQYPwSUPoCMWR5BEzIk/f1lZbAQM=
github.com/pmezard/go-difflib v1.0.0/go.mod h1:iKH77koFhYxTK1pcRnkKkqfTogsbg7gZNVY4sRDYZ/4=
github.com/remyoudompheng/bigfft v0.0.0-20230129092748-24d4a6f8daec h1:W09IVJc94icq4NjY3clb7Lk8O1qJ8BdBEF8z0ibU0rE=
github.com/remyoudompheng/bigfft v0.0.0-20230129092748-24d4a6f8daec/go.mod h1:qqbHyh8v60DhA7CoWK5oRCqLrMHRGoxYCSS9EjAz6Eo=
github.com/stretchr/testify v1.8.4 h1:CcVxjf3Q8PM0mHUKJCdn+eZZtm5yQwehR5yeSVQQcUk=
github.com/stretchr/testify v1.8.4/go.mod h1:sz/lmYIOXD/1dqDmKjjqLyZ2RngseejIcXlSw2iwfAo=
golang.org/x/mod v0.12.0 h1:rmsUpXtvNzj340zd98LZ4KntptpfRHwpFOHG188oHXc=
golang.org/x/mod v0.12.0/go.mod h1:iBbtSCu2XBx23ZKBPSOrRkjjQPZFPuis4dIYUhu/chs=
golang.org/x/sync v0.3.0 h1:ftCYgMx6zT/asHUrPw8BLLscYtGznsLAnjq5RH9P66E=
golang.org/x/sys v0.6.0/go.mod h1:oPkhp1MJrh7nUepCBck5+mAzfO9JrbApNNgaTdGDITg=
golang.org/x/sys v0.10.0 h1:SqMFp9UcQJZa+pmYuAKjd9xq1f0j5rLcDIk0mj4qAsA=
golang.org/x/sys v0.10.0/go.mod h1:oPkhp1MJrh7nUepCBck5+mAzfO9JrbApNNgaTdGDITg=
golang.org/x/tools v0.11.0 h1:EMCa6U9S2LtZXLAMoWiR/R8dAQFRqbAitmbJ2UKhoi8=
golang.org/x/tools v0.11.0/go.mod h1:anzJrxPjNtfgiYQYirP2CPGzGLxrH2u2QBhn6Bf3qY8=
gopkg.in/check.v1 v0.0.0-20161208181325-20d25e280405 h1:yhCVgyC4o1eVCa2tZl7eS0r+SDo693bJlVdllGtEeKM=
gopkg.in/check.v1 v0.0.0-20161208181325-20d25e280405/go.mod h1:Co6ibVJAznAaIkqp8huTwlJQCZ016jof/cbN4VW5Yz0=
gopkg.in/yaml.v3 v3.0.1 h1:fxVm/GzAzEWqLHuvctI91KS9hhNmmWOoWu0XTYJS7CA=
gopkg.in/yaml.v3 v3.0.1/go.mod h1:K4uyk7z7BCEPqu6E+C64Yfv1cQ7kz7rIZviUmN+EgEM=
lukechampine.com/uint128 v1.3.0 h1:cDdUVfRwDUDovz610ABgFD17nXD4/uDgVHl2sC3+sbo=
lukechampine.com/uint128 v1.3.0/go.mod h1:c4eWIwlEGaxC/+H1VguhU4PHXNWDCDMUlWdIWl2j1gk=
modernc.org/cc/v3 v3.41.0 h1:QoR1Sn3YWlmA1T4vLaKZfawdVtSiGx8H+cEojbC7v1Q=
modernc.org/cc/v3 v3.41.0/go.mod h1:Ni4zjJYJ04CDOhG7dn640WGfwBzfE0ecX8TyMB0Fv0Y=
modernc.org/ccgo/v3 v3.16.14 h1:af6KNtFgsVmnDYrWk3PQCS9XT6BXe7o3ZFJKkIKvXNQ=
modernc.org/ccgo/v3 v3.16.14/go.mod h1:mPDSujUIaTNWQSG4eqKw+atqLOEbma6Ncsa94WbC9zo=
modernc.org/ccorpus v1.11.6 h1:J16RXiiqiCgua6+ZvQot4yUuUy8zxgqbqEEUuGPlISk=
modernc.org/httpfs v1.0.6 h1:AAgIpFZRXuYnkjftxTAZwMIiwEqAfk8aVB2/oA6nAeM=
modernc.org/libc v1.24.1 h1:uvJSeCKL/AgzBo2yYIPPTy82v21KgGnizcGYfBHaNuM=
modernc.org/libc v1.24.1/go.mod h1:FmfO1RLrU3MHJfyi9eYYmZBfi/R+tqZ6+hQ3yQQUkak=
modernc.org/mathutil v1.6.0 h1:fRe9+AmYlaej+64JsEEhoWuAYBkOtQiMEU7n/XgfYi4=
modernc.org/mathutil v1.6.0/go.mod h1:Ui5Q9q1TR2gFm0AQRqQUaBWFLAhQpCwNcuhBOSedWPo=
modernc.org/memory v1.6.0 h1:i6mzavxrE9a30whzMfwf7XWVODx2r5OYXvU46cirX7o=
modernc.org/memory v1.6.0/go.mod h1:PkUhL0Mugw21sHPeskwZW4D6VscE/GQJOnIpCnW6pSU=
modernc.org/opt v0.1.3 h1:3XOZf2yznlhC+ibLltsDGzABUGVx8J6pnFMS3E4dcq4=
modernc.org/opt v0.1.3/go.mod h1:WdSiB5evDcignE70guQKxYUl14mgWtbClRi5wmkkTX0=
modernc.org/sqlite v1.23.1 h1:nrSBg4aRQQwq59JpvGEQ15tNxoO5pX/kUjcRNwSAGQM=
modernc.org/sqlite v1.23.1/go.mod h1:OrDj17Mggn6MhE+iPbBNf7RGKODDE9NFT0f3EwDzJqk=
modernc.org/strutil v1.1.3 h1:fNMm+oJklMGYfU9Ylcywl0CO5O6nTfaowNsh2wpPjzY=
modernc.org/strutil v1.1.3/go.mod h1:MEHNA7PdEnEwLvspRMtWTNnp2nnyvMfkimT1NKNAGbw=
modernc.org/tcl v1.15.2 h1:C4ybAYCGJw968e+Me18oW55kD/FexcHbqH2xak1ROSY=
modernc.org/token v1.1.0 h1:Xl7Ap9dKaEs5kLoOQeQmPWevfnk/DM5qcLcYlA8ys6Y=
modernc.org/token v1.1.0/go.mod h1:UGzOrNV1mAFSEB63lOFHIpNRUVMvYTc6yu1SMY/XTDM=
modernc.org/z v1.7.3 h1:zDJf6iHjrnB+WRD88stbXokugjyc0/pB91ri1gO6LZY=
